
Microsoft Visual Studio Solution File, Format Version 12.00
# Visual Studio Version 17
VisualStudioVersion = 17.2.32616.157
MinimumVisualStudioVersion = 10.0.40219.1
Project("{FAE04EC0-301F-11D3-BF4B-00C04F79EFBC}") = "MVC-5-Training", "MVC-5-Training\MVC-5-Training.csproj", "{4D9EC3E2-1D72-4421-B7F4-4FA6564D2EE3}"
EndProject
Global
	GlobalSection(SolutionConfigurationPlatforms) = preSolution
		Debug|Any CPU = Debug|Any CPU
		Release|Any CPU = Release|Any CPU
	EndGlobalSection
	GlobalSection(ProjectConfigurationPlatforms) = postSolution
		{4D9EC3E2-1D72-4421-B7F4-4FA6564D2EE3}.Debug|Any CPU.ActiveCfg = Debug|Any CPU
		{4D9EC3E2-1D72-4421-B7F4-4FA6564D2EE3}.Debug|Any CPU.Build.0 = Debug|Any CPU
		{4D9EC3E2-1D72-4421-B7F4-4FA6564D2EE3}.Release|Any CPU.ActiveCfg = Release|Any CPU
		{4D9EC3E2-1D72-4421-B7F4-4FA6564D2EE3}.Release|Any CPU.Build.0 = Release|Any CPU
	EndGlobalSection
	GlobalSection(SolutionProperties) = preSolution
		HideSolutionNode = FALSE
	EndGlobalSection
	GlobalSection(ExtensibilityGlobals) = postSolution
		SolutionGuid = {8FEAC69C-20BF-423B-B6FB-A8490C04BE3D}
	EndGlobalSection
EndGlobal
